
Microsoft Visual Studio Solution File, Format Version 12.00
# Visual Studio Version 17
VisualStudioVersion = 17.2.32505.173
MinimumVisualStudioVersion = 10.0.40219.1
Project("{9A19103F-16F7-4668-BE54-9A1E7A4F7556}") = "Hatcherling.Server", "Hatcherling\Server\Hatcherling.Server.csproj", "{4E5F3D86-505E-46C8-B233-1103AD638667}"
EndProject
Project("{9A19103F-16F7-4668-BE54-9A1E7A4F7556}") = "Hatcherling.Client", "Hatcherling\Client\Hatcherling.Client.csproj", "{DCE3B4BD-5F7E-4491-ACEA-4314921E7693}"
EndProject
Project("{9A19103F-16F7-4668-BE54-9A1E7A4F7556}") = "Hatcherling.Shared", "Hatcherling\Shared\Hatcherling.Shared.csproj", "{965665AD-BE48-4413-B47F-0F7729786A18}"
EndProject
Project("{9A19103F-16F7-4668-BE54-9A1E7A4F7556}") = "PostgreSQLDAL", "PostgreSQLDataAccess\PostgreSQLDAL.csproj", "{A9573F74-7528-466A-B68A-5ADE078CC3DA}"
EndProject
Project("{9A19103F-16F7-4668-BE54-9A1E7A4F7556}") = "DataAccess", "DataAccess\DataAccess.csproj", "{4A0D5964-49BF-422F-AE14-EBE4F54D4C09}"
EndProject
Global
	GlobalSection(SolutionConfigurationPlatforms) = preSolution
		Debug|Any CPU = Debug|Any CPU
		Release|Any CPU = Release|Any CPU
	EndGlobalSection
	GlobalSection(ProjectConfigurationPlatforms) = postSolution
		{4E5F3D86-505E-46C8-B233-1103AD638667}.Debug|Any CPU.ActiveCfg = Debug|Any CPU
		{4E5F3D86-505E-46C8-B233-1103AD638667}.Debug|Any CPU.Build.0 = Debug|Any CPU
		{4E5F3D86-505E-46C8-B233-1103AD638667}.Release|Any CPU.ActiveCfg = Release|Any CPU
		{4E5F3D86-505E-46C8-B233-1103AD638667}.Release|Any CPU.Build.0 = Release|Any CPU
		{DCE3B4BD-5F7E-4491-ACEA-4314921E7693}.Debug|Any CPU.ActiveCfg = Debug|Any CPU
		{DCE3B4BD-5F7E-4491-ACEA-4314921E7693}.Debug|Any CPU.Build.0 = Debug|Any CPU
		{DCE3B4BD-5F7E-4491-ACEA-4314921E7693}.Release|Any CPU.ActiveCfg = Release|Any CPU
		{DCE3B4BD-5F7E-4491-ACEA-4314921E7693}.Release|Any CPU.Build.0 = Release|Any CPU
		{965665AD-BE48-4413-B47F-0F7729786A18}.Debug|Any CPU.ActiveCfg = Debug|Any CPU
		{965665AD-BE48-4413-B47F-0F7729786A18}.Debug|Any CPU.Build.0 = Debug|Any CPU
		{965665AD-BE48-4413-B47F-0F7729786A18}.Release|Any CPU.ActiveCfg = Release|Any CPU
		{965665AD-BE48-4413-B47F-0F7729786A18}.Release|Any CPU.Build.0 = Release|Any CPU
		{A9573F74-7528-466A-B68A-5ADE078CC3DA}.Debug|Any CPU.ActiveCfg = Debug|Any CPU
		{A9573F74-7528-466A-B68A-5ADE078CC3DA}.Debug|Any CPU.Build.0 = Debug|Any CPU
		{A9573F74-7528-466A-B68A-5ADE078CC3DA}.Release|Any CPU.ActiveCfg = Release|Any CPU
		{A9573F74-7528-466A-B68A-5ADE078CC3DA}.Release|Any CPU.Build.0 = Release|Any CPU
		{4A0D5964-49BF-422F-AE14-EBE4F54D4C09}.Debug|Any CPU.ActiveCfg = Debug|Any CPU
		{4A0D5964-49BF-422F-AE14-EBE4F54D4C09}.Debug|Any CPU.Build.0 = Debug|Any CPU
		{4A0D5964-49BF-422F-AE14-EBE4F54D4C09}.Release|Any CPU.ActiveCfg = Release|Any CPU
		{4A0D5964-49BF-422F-AE14-EBE4F54D4C09}.Release|Any CPU.Build.0 = Release|Any CPU
	EndGlobalSection
	GlobalSection(SolutionProperties) = preSolution
		HideSolutionNode = FALSE
	EndGlobalSection
	GlobalSection(ExtensibilityGlobals) = postSolution
		SolutionGuid = {C1E7B464-C0CA-4C30-BE4B-9BE627D9F180}
	EndGlobalSection
EndGlobal
